
Microsoft Visual Studio Solution File, Format Version 12.00
# Visual Studio 15
VisualStudioVersion = 15.0.26124.0
MinimumVisualStudioVersion = 15.0.26124.0
Project("{2150E333-8FDC-42A3-9474-1A3956D46DE8}") = "src", "src", "{806DAC87-D8A2-4B84-A638-3B3D7F4208AD}"
EndProject
Project("{FAE04EC0-301F-11D3-BF4B-00C04F79EFBC}") = "Leandro.Estudos.CursosOnline.Api", "src\Leandro.Estudos.CursosOnline.Api\Leandro.Estudos.CursosOnline.Api.csproj", "{FAD544A5-AF8C-496E-9D04-CDF3399D6683}"
EndProject
Global
	GlobalSection(SolutionConfigurationPlatforms) = preSolution
		Debug|Any CPU = Debug|Any CPU
		Debug|x64 = Debug|x64
		Debug|x86 = Debug|x86
		Release|Any CPU = Release|Any CPU
		Release|x64 = Release|x64
		Release|x86 = Release|x86
	EndGlobalSection
	GlobalSection(SolutionProperties) = preSolution
		HideSolutionNode = FALSE
	EndGlobalSection
	GlobalSection(ProjectConfigurationPlatforms) = postSolution
		{FAD544A5-AF8C-496E-9D04-CDF3399D6683}.Debug|Any CPU.ActiveCfg = Debug|Any CPU
		{FAD544A5-AF8C-496E-9D04-CDF3399D6683}.Debug|Any CPU.Build.0 = Debug|Any CPU
		{FAD544A5-AF8C-496E-9D04-CDF3399D6683}.Debug|x64.ActiveCfg = Debug|Any CPU
		{FAD544A5-AF8C-496E-9D04-CDF3399D6683}.Debug|x64.Build.0 = Debug|Any CPU
		{FAD544A5-AF8C-496E-9D04-CDF3399D6683}.Debug|x86.ActiveCfg = Debug|Any CPU
		{FAD544A5-AF8C-496E-9D04-CDF3399D6683}.Debug|x86.Build.0 = Debug|Any CPU
		{FAD544A5-AF8C-496E-9D04-CDF3399D6683}.Release|Any CPU.ActiveCfg = Release|Any CPU
		{FAD544A5-AF8C-496E-9D04-CDF3399D6683}.Release|Any CPU.Build.0 = Release|Any CPU
		{FAD544A5-AF8C-496E-9D04-CDF3399D6683}.Release|x64.ActiveCfg = Release|Any CPU
		{FAD544A5-AF8C-496E-9D04-CDF3399D6683}.Release|x64.Build.0 = Release|Any CPU
		{FAD544A5-AF8C-496E-9D04-CDF3399D6683}.Release|x86.ActiveCfg = Release|Any CPU
		{FAD544A5-AF8C-496E-9D04-CDF3399D6683}.Release|x86.Build.0 = Release|Any CPU
	EndGlobalSection
	GlobalSection(NestedProjects) = preSolution
		{FAD544A5-AF8C-496E-9D04-CDF3399D6683} = {806DAC87-D8A2-4B84-A638-3B3D7F4208AD}
	EndGlobalSection
EndGlobal
